<?xml version="1.0" encoding="utf-8"?>
<Project ToolsVersion="4.0" xmlns="http://schemas.microsoft.com/developer/msbuild/2003">
  <ItemGroup>
    <Filter Include="Source Files">
      <UniqueIdentifier>{4FC737F1-C7A5-4376-A066-2A32D752A2FF}</UniqueIdentifier>
      <Extensions>cpp;c;cc;cxx;c++;cppm;ixx;def;odl;idl;hpj;bat;asm;asmx</Extensions>
    </Filter>
    <Filter Include="Header Files">
      <UniqueIdentifier>{93995380-89BD-4b04-88EB-625FBE52EBFB}</UniqueIdentifier>
      <Extensions>h;hh;hpp;hxx;h++;hm;inl;inc;ipp;xsd</Extensions>
    </Filter>
    <Filter Include="Resource Files">
      <UniqueIdentifier>{67DA6AB6-F800-4c08-8B7A-83BB121AAD01}</UniqueIdentifier>
      <Extensions>rc;ico;cur;bmp;dlg;rc2;rct;bin;rgs;gif;jpg;jpeg;jpe;resx;tiff;tif;png;wav;mfcribbon-ms</Extensions>
    </Filter>
  </ItemGroup>
  <ItemGroup>
    <ClCompile Include="src\main.cpp">
      <Filter>Source Files</Filter>
    </ClCompile>
    <ClCompile Include="src\Window.cpp">
      <Filter>Source Files</Filter>
    </ClCompile>
    <ClCompile Include="src\InputManager.cpp">
      <Filter>Source Files</Filter>
    </ClCompile>
    <ClCompile Include="src\GameLogic.cpp">
      <Filter>Source Files</Filter>
    </ClCompile>
    <ClCompile Include="src\Game\GameFactory.cpp">
      <Filter>Source Files</Filter>
    </ClCompile>
    <ClCompile Include="src\Game\GameObject.cpp">
      <Filter>Source Files</Filter>
    </ClCompile>
    <ClCompile Include="src\Game\Components\InputComponent.cpp">
      <Filter>Source Files</Filter>
    </ClCompile>
    <ClCompile Include="src\Game\Components\BallMover.cpp">
      <Filter>Source Files</Filter>
    </ClCompile>
    <ClCompile Include="src\Game\Components\BoxCollider.cpp">
      <Filter>Source Files</Filter>
    </ClCompile>
    <ClCompile Include="src\Game\Components\CirculCollider.cpp">
      <Filter>Source Files</Filter>
    </ClCompile>
    <ClCompile Include="src\Game\CollisionSystem.cpp">
      <Filter>Source Files</Filter>
    </ClCompile>
  </ItemGroup>
  <ItemGroup>
    <ClInclude Include="src\InputManager.h">
      <Filter>Header Files</Filter>
    </ClInclude>
    <ClInclude Include="src\Window.h">
      <Filter>Header Files</Filter>
    </ClInclude>
    <ClInclude Include="src\GameLogic.h">
      <Filter>Header Files</Filter>
    </ClInclude>
    <ClInclude Include="src\Utility.h">
      <Filter>Header Files</Filter>
    </ClInclude>
    <ClInclude Include="src\Game\GameFactory.h">
      <Filter>Header Files</Filter>
    </ClInclude>
    <ClInclude Include="src\Game\GameObject.h">
      <Filter>Header Files</Filter>
    </ClInclude>
    <ClInclude Include="src\Game\Vector.h">
      <Filter>Header Files</Filter>
    </ClInclude>
    <ClInclude Include="src\Game\Components\IComponent.h">
      <Filter>Header Files</Filter>
    </ClInclude>
    <ClInclude Include="src\Game\Components\InputComponent.h">
      <Filter>Header Files</Filter>
    </ClInclude>
    <ClInclude Include="src\Game\Components\BallMover.h">
      <Filter>Header Files</Filter>
    </ClInclude>
    <ClInclude Include="src\Game\Components\BoxCollider.h">
      <Filter>Header Files</Filter>
    </ClInclude>
    <ClInclude Include="src\Game\Components\CirculCollider.h">
      <Filter>Header Files</Filter>
    </ClInclude>
    <ClInclude Include="src\Game\CollisionSystem.h">
      <Filter>Header Files</Filter>
    </ClInclude>
    <ClInclude Include="src\Game\Components\ICollider.h">
      <Filter>Header Files</Filter>
    </ClInclude>
  </ItemGroup>
  <ItemGroup>
    <Image Include="res\data\64-Breakout-Tiles.png">
      <Filter>Resource Files</Filter>
    </Image>
    <Image Include="res\data\01-Breakout-Tiles.png">
      <Filter>Resource Files</Filter>
    </Image>
    <Image Include="res\data\02-Breakout-Tiles.png">
      <Filter>Resource Files</Filter>
    </Image>
    <Image Include="res\data\03-Breakout-Tiles.png">
      <Filter>Resource Files</Filter>
    </Image>
    <Image Include="res\data\04-Breakout-Tiles.png">
      <Filter>Resource Files</Filter>
    </Image>
    <Image Include="res\data\05-Breakout-Tiles.png">
      <Filter>Resource Files</Filter>
    </Image>
    <Image Include="res\data\06-Breakout-Tiles.png">
      <Filter>Resource Files</Filter>
    </Image>
    <Image Include="res\data\07-Breakout-Tiles.png">
      <Filter>Resource Files</Filter>
    </Image>
    <Image Include="res\data\08-Breakout-Tiles.png">
      <Filter>Resource Files</Filter>
    </Image>
    <Image Include="res\data\09-Breakout-Tiles.png">
      <Filter>Resource Files</Filter>
    </Image>
    <Image Include="res\data\10-Breakout-Tiles.png">
      <Filter>Resource Files</Filter>
    </Image>
    <Image Include="res\data\11-Breakout-Tiles.png">
      <Filter>Resource Files</Filter>
    </Image>
    <Image Include="res\data\12-Breakout-Tiles.png">
      <Filter>Resource Files</Filter>
    </Image>
    <Image Include="res\data\13-Breakout-Tiles.png">
      <Filter>Resource Files</Filter>
    </Image>
    <Image Include="res\data\14-Breakout-Tiles.png">
      <Filter>Resource Files</Filter>
    </Image>
    <Image Include="res\data\15-Breakout-Tiles.png">
      <Filter>Resource Files</Filter>
    </Image>
    <Image Include="res\data\16-Breakout-Tiles.png">
      <Filter>Resource Files</Filter>
    </Image>
    <Image Include="res\data\17-Breakout-Tiles.png">
      <Filter>Resource Files</Filter>
    </Image>
    <Image Include="res\data\18-Breakout-Tiles.png">
      <Filter>Resource Files</Filter>
    </Image>
    <Image Include="res\data\19-Breakout-Tiles.png">
      <Filter>Resource Files</Filter>
    </Image>
    <Image Include="res\data\20-Breakout-Tiles.png">
      <Filter>Resource Files</Filter>
    </Image>
    <Image Include="res\data\21-Breakout-Tiles.png">
      <Filter>Resource Files</Filter>
    </Image>
    <Image Include="res\data\22-Breakout-Tiles.png">
      <Filter>Resource Files</Filter>
    </Image>
    <Image Include="res\data\23-Breakout-Tiles.png">
      <Filter>Resource Files</Filter>
    </Image>
    <Image Include="res\data\24-Breakout-Tiles.png">
      <Filter>Resource Files</Filter>
    </Image>
    <Image Include="res\data\25-Breakout-Tiles.png">
      <Filter>Resource Files</Filter>
    </Image>
    <Image Include="res\data\26-Breakout-Tiles.png">
      <Filter>Resource Files</Filter>
    </Image>
    <Image Include="res\data\27-Breakout-Tiles.png">
      <Filter>Resource Files</Filter>
    </Image>
    <Image Include="res\data\28-Breakout-Tiles.png">
      <Filter>Resource Files</Filter>
    </Image>
    <Image Include="res\data\29-Breakout-Tiles.png">
      <Filter>Resource Files</Filter>
    </Image>
    <Image Include="res\data\30-Breakout-Tiles.png">
      <Filter>Resource Files</Filter>
    </Image>
    <Image Include="res\data\31-Breakout-Tiles.png">
      <Filter>Resource Files</Filter>
    </Image>
    <Image Include="res\data\32-Breakout-Tiles.png">
      <Filter>Resource Files</Filter>
    </Image>
    <Image Include="res\data\33-Breakout-Tiles.png">
      <Filter>Resource Files</Filter>
    </Image>
    <Image Include="res\data\34-Breakout-Tiles.png">
      <Filter>Resource Files</Filter>
    </Image>
    <Image Include="res\data\35-Breakout-Tiles.png">
      <Filter>Resource Files</Filter>
    </Image>
    <Image Include="res\data\36-Breakout-Tiles.png">
      <Filter>Resource Files</Filter>
    </Image>
    <Image Include="res\data\37-Breakout-Tiles.png">
      <Filter>Resource Files</Filter>
    </Image>
    <Image Include="res\data\38-Breakout-Tiles.png">
      <Filter>Resource Files</Filter>
    </Image>
    <Image Include="res\data\39-Breakout-Tiles.png">
      <Filter>Resource Files</Filter>
    </Image>
    <Image Include="res\data\40-Breakout-Tiles.png">
      <Filter>Resource Files</Filter>
    </Image>
    <Image Include="res\data\41-Breakout-Tiles.png">
      <Filter>Resource Files</Filter>
    </Image>
    <Image Include="res\data\42-Breakout-Tiles.png">
      <Filter>Resource Files</Filter>
    </Image>
    <Image Include="res\data\43-Breakout-Tiles.png">
      <Filter>Resource Files</Filter>
    </Image>
    <Image Include="res\data\44-Breakout-Tiles.png">
      <Filter>Resource Files</Filter>
    </Image>
    <Image Include="res\data\45-Breakout-Tiles.png">
      <Filter>Resource Files</Filter>
    </Image>
    <Image Include="res\data\46-Breakout-Tiles.png">
      <Filter>Resource Files</Filter>
    </Image>
    <Image Include="res\data\47-Breakout-Tiles.png">
      <Filter>Resource Files</Filter>
    </Image>
    <Image Include="res\data\48-Breakout-Tiles.png">
      <Filter>Resource Files</Filter>
    </Image>
    <Image Include="res\data\49-Breakout-Tiles.png">
      <Filter>Resource Files</Filter>
    </Image>
    <Image Include="res\data\50-Breakout-Tiles.png">
      <Filter>Resource Files</Filter>
    </Image>
    <Image Include="res\data\51-Breakout-Tiles.png">
      <Filter>Resource Files</Filter>
    </Image>
    <Image Include="res\data\52-Breakout-Tiles.png">
      <Filter>Resource Files</Filter>
    </Image>
    <Image Include="res\data\53-Breakout-Tiles.png">
      <Filter>Resource Files</Filter>
    </Image>
    <Image Include="res\data\54-Breakout-Tiles.png">
      <Filter>Resource Files</Filter>
    </Image>
    <Image Include="res\data\55-Breakout-Tiles.png">
      <Filter>Resource Files</Filter>
    </Image>
    <Image Include="res\data\56-Breakout-Tiles.png">
      <Filter>Resource Files</Filter>
    </Image>
    <Image Include="res\data\57-Breakout-Tiles.png">
      <Filter>Resource Files</Filter>
    </Image>
    <Image Include="res\data\58-Breakout-Tiles.png">
      <Filter>Resource Files</Filter>
    </Image>
    <Image Include="res\data\59-Breakout-Tiles.png">
      <Filter>Resource Files</Filter>
    </Image>
    <Image Include="res\data\60-Breakout-Tiles.png">
      <Filter>Resource Files</Filter>
    </Image>
    <Image Include="res\data\61-Breakout-Tiles.png">
      <Filter>Resource Files</Filter>
    </Image>
    <Image Include="res\data\62-Breakout-Tiles.png">
      <Filter>Resource Files</Filter>
    </Image>
    <Image Include="res\data\63-Breakout-Tiles.png">
      <Filter>Resource Files</Filter>
    </Image>
  </ItemGroup>
</Project>